
Microsoft Visual Studio Solution File, Format Version 12.00
# Visual Studio 15
VisualStudioVersion = 15.0.28307.1022
MinimumVisualStudioVersion = 10.0.40219.1
Project("{FAE04EC0-301F-11D3-BF4B-00C04F79EFBC}") = "Proyecto SGSA", "Proyecto SGSA\Proyecto SGSA.csproj", "{2BC65ED4-2B11-464F-9F77-6139B1D870CB}"
EndProject
Global
	GlobalSection(SolutionConfigurationPlatforms) = preSolution
		Debug|Any CPU = Debug|Any CPU
		Release|Any CPU = Release|Any CPU
	EndGlobalSection
	GlobalSection(ProjectConfigurationPlatforms) = postSolution
		{2BC65ED4-2B11-464F-9F77-6139B1D870CB}.Debug|Any CPU.ActiveCfg = Debug|Any CPU
		{2BC65ED4-2B11-464F-9F77-6139B1D870CB}.Debug|Any CPU.Build.0 = Debug|Any CPU
		{2BC65ED4-2B11-464F-9F77-6139B1D870CB}.Release|Any CPU.ActiveCfg = Release|Any CPU
		{2BC65ED4-2B11-464F-9F77-6139B1D870CB}.Release|Any CPU.Build.0 = Release|Any CPU
	EndGlobalSection
	GlobalSection(SolutionProperties) = preSolution
		HideSolutionNode = FALSE
	EndGlobalSection
	GlobalSection(ExtensibilityGlobals) = postSolution
		SolutionGuid = {485D84C6-763F-488E-8462-D793F449262C}
	EndGlobalSection
EndGlobal
